// !$*UTF8*$!
{
	archiveVersion = 1;
	classes = {
	};
	objectVersion = 56;
	objects = {

/* Begin PBXBuildFile section */
		C442C5692B0747AA00888EEF /* FMWHKApp.swift in Sources */ = {isa = PBXBuildFile; fileRef = C442C5682B0747AA00888EEF /* FMWHKApp.swift */; };
		C442C56B2B0747AA00888EEF /* ContentView.swift in Sources */ = {isa = PBXBuildFile; fileRef = C442C56A2B0747AA00888EEF /* ContentView.swift */; };
		C442C56D2B0747AB00888EEF /* Assets.xcassets in Resources */ = {isa = PBXBuildFile; fileRef = C442C56C2B0747AB00888EEF /* Assets.xcassets */; };
		C442C5712B0747AB00888EEF /* Preview Assets.xcassets in Resources */ = {isa = PBXBuildFile; fileRef = C442C5702B0747AB00888EEF /* Preview Assets.xcassets */; };
		C47A72132B0B3F3400121CAB /* BusRoutes.swift in Sources */ = {isa = PBXBuildFile; fileRef = C47A72122B0B3F3400121CAB /* BusRoutes.swift */; };
		C47A72162B0B404B00121CAB /* StopView.swift in Sources */ = {isa = PBXBuildFile; fileRef = C47A72152B0B404B00121CAB /* StopView.swift */; };
		C47A72182B0B406C00121CAB /* MapView.swift in Sources */ = {isa = PBXBuildFile; fileRef = C47A72172B0B406C00121CAB /* MapView.swift */; };
		C47A721A2B0B408600121CAB /* TmpData.swift in Sources */ = {isa = PBXBuildFile; fileRef = C47A72192B0B408600121CAB /* TmpData.swift */; };
		C47A721C2B0B4B0E00121CAB /* StopListView.swift in Sources */ = {isa = PBXBuildFile; fileRef = C47A721B2B0B4B0E00121CAB /* StopListView.swift */; };
		C47A721E2B0B4E6B00121CAB /* Globals.swift in Sources */ = {isa = PBXBuildFile; fileRef = C47A721D2B0B4E6B00121CAB /* Globals.swift */; };
		C47A72202B0B5AF900121CAB /* ProfileView.swift in Sources */ = {isa = PBXBuildFile; fileRef = C47A721F2B0B5AF900121CAB /* ProfileView.swift */; };
		C47A72222B0B5B0D00121CAB /* ReminderView.swift in Sources */ = {isa = PBXBuildFile; fileRef = C47A72212B0B5B0D00121CAB /* ReminderView.swift */; };
		C47A72242B0B5B1E00121CAB /* FavouriteView.swift in Sources */ = {isa = PBXBuildFile; fileRef = C47A72232B0B5B1E00121CAB /* FavouriteView.swift */; };
/* End PBXBuildFile section */

/* Begin PBXFileReference section */
		C442C5652B0747AA00888EEF /* FMWHK.app */ = {isa = PBXFileReference; explicitFileType = wrapper.application; includeInIndex = 0; path = FMWHK.app; sourceTree = BUILT_PRODUCTS_DIR; };
		C442C5682B0747AA00888EEF /* FMWHKApp.swift */ = {isa = PBXFileReference; lastKnownFileType = sourcecode.swift; path = FMWHKApp.swift; sourceTree = "<group>"; };
		C442C56A2B0747AA00888EEF /* ContentView.swift */ = {isa = PBXFileReference; lastKnownFileType = sourcecode.swift; path = ContentView.swift; sourceTree = "<group>"; };
		C442C56C2B0747AB00888EEF /* Assets.xcassets */ = {isa = PBXFileReference; lastKnownFileType = folder.assetcatalog; path = Assets.xcassets; sourceTree = "<group>"; };
		C442C56E2B0747AB00888EEF /* FMWHK.entitlements */ = {isa = PBXFileReference; lastKnownFileType = text.plist.entitlements; path = FMWHK.entitlements; sourceTree = "<group>"; };
		C442C5702B0747AB00888EEF /* Preview Assets.xcassets */ = {isa = PBXFileReference; lastKnownFileType = folder.assetcatalog; path = "Preview Assets.xcassets"; sourceTree = "<group>"; };
		C47A72122B0B3F3400121CAB /* BusRoutes.swift */ = {isa = PBXFileReference; lastKnownFileType = sourcecode.swift; path = BusRoutes.swift; sourceTree = "<group>"; };
		C47A72152B0B404B00121CAB /* StopView.swift */ = {isa = PBXFileReference; lastKnownFileType = sourcecode.swift; path = StopView.swift; sourceTree = "<group>"; };
		C47A72172B0B406C00121CAB /* MapView.swift */ = {isa = PBXFileReference; lastKnownFileType = sourcecode.swift; path = MapView.swift; sourceTree = "<group>"; };
		C47A72192B0B408600121CAB /* TmpData.swift */ = {isa = PBXFileReference; lastKnownFileType = sourcecode.swift; path = TmpData.swift; sourceTree = "<group>"; };
		C47A721B2B0B4B0E00121CAB /* StopListView.swift */ = {isa = PBXFileReference; lastKnownFileType = sourcecode.swift; path = StopListView.swift; sourceTree = "<group>"; };
		C47A721D2B0B4E6B00121CAB /* Globals.swift */ = {isa = PBXFileReference; lastKnownFileType = sourcecode.swift; path = Globals.swift; sourceTree = "<group>"; };
		C47A721F2B0B5AF900121CAB /* ProfileView.swift */ = {isa = PBXFileReference; lastKnownFileType = sourcecode.swift; path = ProfileView.swift; sourceTree = "<group>"; };
		C47A72212B0B5B0D00121CAB /* ReminderView.swift */ = {isa = PBXFileReference; lastKnownFileType = sourcecode.swift; path = ReminderView.swift; sourceTree = "<group>"; };
		C47A72232B0B5B1E00121CAB /* FavouriteView.swift */ = {isa = PBXFileReference; lastKnownFileType = sourcecode.swift; path = FavouriteView.swift; sourceTree = "<group>"; };
/* End PBXFileReference section */

/* Begin PBXFrameworksBuildPhase section */
		C442C5622B0747AA00888EEF /* Frameworks */ = {
			isa = PBXFrameworksBuildPhase;
			buildActionMask = 2147483647;
			files = (
			);
			runOnlyForDeploymentPostprocessing = 0;
		};
/* End PBXFrameworksBuildPhase section */

/* Begin PBXGroup section */
		C442C55C2B0747AA00888EEF = {
			isa = PBXGroup;
			children = (
				C442C5672B0747AA00888EEF /* FMWHK */,
				C442C5662B0747AA00888EEF /* Products */,
			);
			sourceTree = "<group>";
		};
		C442C5662B0747AA00888EEF /* Products */ = {
			isa = PBXGroup;
			children = (
				C442C5652B0747AA00888EEF /* FMWHK.app */,
			);
			name = Products;
			sourceTree = "<group>";
		};
		C442C5672B0747AA00888EEF /* FMWHK */ = {
			isa = PBXGroup;
			children = (
				C47A72142B0B3FB100121CAB /* Views */,
				C47A72112B0B3EFB00121CAB /* Model */,
				C442C5682B0747AA00888EEF /* FMWHKApp.swift */,
				C442C56C2B0747AB00888EEF /* Assets.xcassets */,
				C442C56E2B0747AB00888EEF /* FMWHK.entitlements */,
				C442C56F2B0747AB00888EEF /* Preview Content */,
				C47A72192B0B408600121CAB /* TmpData.swift */,
			);
			path = FMWHK;
			sourceTree = "<group>";
		};
		C442C56F2B0747AB00888EEF /* Preview Content */ = {
			isa = PBXGroup;
			children = (
				C442C5702B0747AB00888EEF /* Preview Assets.xcassets */,
			);
			path = "Preview Content";
			sourceTree = "<group>";
		};
		C47A72112B0B3EFB00121CAB /* Model */ = {
			isa = PBXGroup;
			children = (
				C47A72122B0B3F3400121CAB /* BusRoutes.swift */,
				C47A721D2B0B4E6B00121CAB /* Globals.swift */,
			);
			path = Model;
			sourceTree = "<group>";
		};
		C47A72142B0B3FB100121CAB /* Views */ = {
			isa = PBXGroup;
			children = (
				C442C56A2B0747AA00888EEF /* ContentView.swift */,
				C47A72152B0B404B00121CAB /* StopView.swift */,
				C47A72172B0B406C00121CAB /* MapView.swift */,
				C47A721B2B0B4B0E00121CAB /* StopListView.swift */,
				C47A721F2B0B5AF900121CAB /* ProfileView.swift */,
				C47A72212B0B5B0D00121CAB /* ReminderView.swift */,
				C47A72232B0B5B1E00121CAB /* FavouriteView.swift */,
			);
			path = Views;
			sourceTree = "<group>";
		};
/* End PBXGroup section */

/* Begin PBXNativeTarget section */
		C442C5642B0747AA00888EEF /* FMWHK */ = {
			isa = PBXNativeTarget;
			buildConfigurationList = C442C5742B0747AB00888EEF /* Build configuration list for PBXNativeTarget "FMWHK" */;
			buildPhases = (
				C442C5612B0747AA00888EEF /* Sources */,
				C442C5622B0747AA00888EEF /* Frameworks */,
				C442C5632B0747AA00888EEF /* Resources */,
			);
			buildRules = (
			);
			dependencies = (
			);
			name = FMWHK;
			productName = FMWHK;
			productReference = C442C5652B0747AA00888EEF /* FMWHK.app */;
			productType = "com.apple.product-type.application";
		};
/* End PBXNativeTarget section */

/* Begin PBXProject section */
		C442C55D2B0747AA00888EEF /* Project object */ = {
			isa = PBXProject;
			attributes = {
				BuildIndependentTargetsInParallel = 1;
				LastSwiftUpdateCheck = 1500;
				LastUpgradeCheck = 1500;
				TargetAttributes = {
					C442C5642B0747AA00888EEF = {
						CreatedOnToolsVersion = 15.0.1;
					};
				};
			};
			buildConfigurationList = C442C5602B0747AA00888EEF /* Build configuration list for PBXProject "FMWHK" */;
			compatibilityVersion = "Xcode 14.0";
			developmentRegion = en;
			hasScannedForEncodings = 0;
			knownRegions = (
				en,
				Base,
			);
			mainGroup = C442C55C2B0747AA00888EEF;
			productRefGroup = C442C5662B0747AA00888EEF /* Products */;
			projectDirPath = "";
			projectRoot = "";
			targets = (
				C442C5642B0747AA00888EEF /* FMWHK */,
			);
		};
/* End PBXProject section */

/* Begin PBXResourcesBuildPhase section */
		C442C5632B0747AA00888EEF /* Resources */ = {
			isa = PBXResourcesBuildPhase;
			buildActionMask = 2147483647;
			files = (
				C442C5712B0747AB00888EEF /* Preview Assets.xcassets in Resources */,
				C442C56D2B0747AB00888EEF /* Assets.xcassets in Resources */,
			);
			runOnlyForDeploymentPostprocessing = 0;
		};
/* End PBXResourcesBuildPhase section */

/* Begin PBXSourcesBuildPhase section */
		C442C5612B0747AA00888EEF /* Sources */ = {
			isa = PBXSourcesBuildPhase;
			buildActionMask = 2147483647;
			files = (
				C47A72132B0B3F3400121CAB /* BusRoutes.swift in Sources */,
				C47A72202B0B5AF900121CAB /* ProfileView.swift in Sources */,
				C47A721C2B0B4B0E00121CAB /* StopListView.swift in Sources */,
				C442C56B2B0747AA00888EEF /* ContentView.swift in Sources */,
				C47A72182B0B406C00121CAB /* MapView.swift in Sources */,
				C47A721E2B0B4E6B00121CAB /* Globals.swift in Sources */,
				C47A72222B0B5B0D00121CAB /* ReminderView.swift in Sources */,
				C47A72242B0B5B1E00121CAB /* FavouriteView.swift in Sources */,
				C47A72162B0B404B00121CAB /* StopView.swift in Sources */,
				C442C5692B0747AA00888EEF /* FMWHKApp.swift in Sources */,
				C47A721A2B0B408600121CAB /* TmpData.swift in Sources */,
			);
			runOnlyForDeploymentPostprocessing = 0;
		};
/* End PBXSourcesBuildPhase section */

/* Begin XCBuildConfiguration section */
		C442C5722B0747AB00888EEF /* Debug */ = {
			isa = XCBuildConfiguration;
			buildSettings = {
				ALWAYS_SEARCH_USER_PATHS = NO;
				ASSETCATALOG_COMPILER_GENERATE_SWIFT_ASSET_SYMBOL_EXTENSIONS = YES;
				CLANG_ANALYZER_NONNULL = YES;
				CLANG_ANALYZER_NUMBER_OBJECT_CONVERSION = YES_AGGRESSIVE;
				CLANG_CXX_LANGUAGE_STANDARD = "gnu++20";
				CLANG_ENABLE_MODULES = YES;
				CLANG_ENABLE_OBJC_ARC = YES;
				CLANG_ENABLE_OBJC_WEAK = YES;
				CLANG_WARN_BLOCK_CAPTURE_AUTORELEASING = YES;
				CLANG_WARN_BOOL_CONVERSION = YES;
				CLANG_WARN_COMMA = YES;
				CLANG_WARN_CONSTANT_CONVERSION = YES;
				CLANG_WARN_DEPRECATED_OBJC_IMPLEMENTATIONS = YES;
				CLANG_WARN_DIRECT_OBJC_ISA_USAGE = YES_ERROR;
				CLANG_WARN_DOCUMENTATION_COMMENTS = YES;
				CLANG_WARN_EMPTY_BODY = YES;
				CLANG_WARN_ENUM_CONVERSION = YES;
				CLANG_WARN_INFINITE_RECURSION = YES;
				CLANG_WARN_INT_CONVERSION = YES;
				CLANG_WARN_NON_LITERAL_NULL_CONVERSION = YES;
				CLANG_WARN_OBJC_IMPLICIT_RETAIN_SELF = YES;
				CLANG_WARN_OBJC_LITERAL_CONVERSION = YES;
				CLANG_WARN_OBJC_ROOT_CLASS = YES_ERROR;
				CLANG_WARN_QUOTED_INCLUDE_IN_FRAMEWORK_HEADER = YES;
				CLANG_WARN_RANGE_LOOP_ANALYSIS = YES;
				CLANG_WARN_STRICT_PROTOTYPES = YES;
				CLANG_WARN_SUSPICIOUS_MOVE = YES;
				CLANG_WARN_UNGUARDED_AVAILABILITY = YES_AGGRESSIVE;
				CLANG_WARN_UNREACHABLE_CODE = YES;
				CLANG_WARN__DUPLICATE_METHOD_MATCH = YES;
				COPY_PHASE_STRIP = NO;
				DEBUG_INFORMATION_FORMAT = dwarf;
				ENABLE_STRICT_OBJC_MSGSEND = YES;
				ENABLE_TESTABILITY = YES;
				ENABLE_USER_SCRIPT_SANDBOXING = YES;
				GCC_C_LANGUAGE_STANDARD = gnu17;
				GCC_DYNAMIC_NO_PIC = NO;
				GCC_NO_COMMON_BLOCKS = YES;
				GCC_OPTIMIZATION_LEVEL = 0;
				GCC_PREPROCESSOR_DEFINITIONS = (
					"DEBUG=1",
					"$(inherited)",
				);
				GCC_WARN_64_TO_32_BIT_CONVERSION = YES;
				GCC_WARN_ABOUT_RETURN_TYPE = YES_ERROR;
				GCC_WARN_UNDECLARED_SELECTOR = YES;
				GCC_WARN_UNINITIALIZED_AUTOS = YES_AGGRESSIVE;
				GCC_WARN_UNUSED_FUNCTION = YES;
				GCC_WARN_UNUSED_VARIABLE = YES;
				LOCALIZATION_PREFERS_STRING_CATALOGS = YES;
				MTL_ENABLE_DEBUG_INFO = INCLUDE_SOURCE;
				MTL_FAST_MATH = YES;
				ONLY_ACTIVE_ARCH = YES;
				SWIFT_ACTIVE_COMPILATION_CONDITIONS = "DEBUG $(inherited)";
				SWIFT_OPTIMIZATION_LEVEL = "-Onone";
			};
			name = Debug;
		};
		C442C5732B0747AB00888EEF /* Release */ = {
			isa = XCBuildConfiguration;
			buildSettings = {
				ALWAYS_SEARCH_USER_PATHS = NO;
				ASSETCATALOG_COMPILER_GENERATE_SWIFT_ASSET_SYMBOL_EXTENSIONS = YES;
				CLANG_ANALYZER_NONNULL = YES;
				CLANG_ANALYZER_NUMBER_OBJECT_CONVERSION = YES_AGGRESSIVE;
				CLANG_CXX_LANGUAGE_STANDARD = "gnu++20";
				CLANG_ENABLE_MODULES = YES;
				CLANG_ENABLE_OBJC_ARC = YES;
				CLANG_ENABLE_OBJC_WEAK = YES;
				CLANG_WARN_BLOCK_CAPTURE_AUTORELEASING = YES;
				CLANG_WARN_BOOL_CONVERSION = YES;
				CLANG_WARN_COMMA = YES;
				CLANG_WARN_CONSTANT_CONVERSION = YES;
				CLANG_WARN_DEPRECATED_OBJC_IMPLEMENTATIONS = YES;
				CLANG_WARN_DIRECT_OBJC_ISA_USAGE = YES_ERROR;
				CLANG_WARN_DOCUMENTATION_COMMENTS = YES;
				CLANG_WARN_EMPTY_BODY = YES;
				CLANG_WARN_ENUM_CONVERSION = YES;
				CLANG_WARN_INFINITE_RECURSION = YES;
				CLANG_WARN_INT_CONVERSION = YES;
				CLANG_WARN_NON_LITERAL_NULL_CONVERSION = YES;
				CLANG_WARN_OBJC_IMPLICIT_RETAIN_SELF = YES;
				CLANG_WARN_OBJC_LITERAL_CONVERSION = YES;
				CLANG_WARN_OBJC_ROOT_CLASS = YES_ERROR;
				CLANG_WARN_QUOTED_INCLUDE_IN_FRAMEWORK_HEADER = YES;
				CLANG_WARN_RANGE_LOOP_ANALYSIS = YES;
				CLANG_WARN_STRICT_PROTOTYPES = YES;
				CLANG_WARN_SUSPICIOUS_MOVE = YES;
				CLANG_WARN_UNGUARDED_AVAILABILITY = YES_AGGRESSIVE;
				CLANG_WARN_UNREACHABLE_CODE = YES;
				CLANG_WARN__DUPLICATE_METHOD_MATCH = YES;
				COPY_PHASE_STRIP = NO;
				DEBUG_INFORMATION_FORMAT = "dwarf-with-dsym";
				ENABLE_NS_ASSERTIONS = NO;
				ENABLE_STRICT_OBJC_MSGSEND = YES;
				ENABLE_USER_SCRIPT_SANDBOXING = YES;
				GCC_C_LANGUAGE_STANDARD = gnu17;
				GCC_NO_COMMON_BLOCKS = YES;
				GCC_WARN_64_TO_32_BIT_CONVERSION = YES;
				GCC_WARN_ABOUT_RETURN_TYPE = YES_ERROR;
				GCC_WARN_UNDECLARED_SELECTOR = YES;
				GCC_WARN_UNINITIALIZED_AUTOS = YES_AGGRESSIVE;
				GCC_WARN_UNUSED_FUNCTION = YES;
				GCC_WARN_UNUSED_VARIABLE = YES;
				LOCALIZATION_PREFERS_STRING_CATALOGS = YES;
				MTL_ENABLE_DEBUG_INFO = NO;
				MTL_FAST_MATH = YES;
				SWIFT_COMPILATION_MODE = wholemodule;
			};
			name = Release;
		};
		C442C5752B0747AB00888EEF /* Debug */ = {
			isa = XCBuildConfiguration;
			buildSettings = {
				ASSETCATALOG_COMPILER_APPICON_NAME = AppIcon;
				ASSETCATALOG_COMPILER_GLOBAL_ACCENT_COLOR_NAME = AccentColor;
				CODE_SIGN_ENTITLEMENTS = FMWHK/FMWHK.entitlements;
				CODE_SIGN_STYLE = Automatic;
				CURRENT_PROJECT_VERSION = 1;
				DEVELOPMENT_ASSET_PATHS = "\"FMWHK/Preview Content\"";
				DEVELOPMENT_TEAM = 2U55HL7B9Q;
				ENABLE_HARDENED_RUNTIME = YES;
				ENABLE_PREVIEWS = YES;
				GENERATE_INFOPLIST_FILE = YES;
				"INFOPLIST_KEY_UIApplicationSceneManifest_Generation[sdk=iphoneos*]" = YES;
				"INFOPLIST_KEY_UIApplicationSceneManifest_Generation[sdk=iphonesimulator*]" = YES;
				"INFOPLIST_KEY_UIApplicationSupportsIndirectInputEvents[sdk=iphoneos*]" = YES;
				"INFOPLIST_KEY_UIApplicationSupportsIndirectInputEvents[sdk=iphonesimulator*]" = YES;
				"INFOPLIST_KEY_UILaunchScreen_Generation[sdk=iphoneos*]" = YES;
				"INFOPLIST_KEY_UILaunchScreen_Generation[sdk=iphonesimulator*]" = YES;
				"INFOPLIST_KEY_UIStatusBarStyle[sdk=iphoneos*]" = UIStatusBarStyleDefault;
				"INFOPLIST_KEY_UIStatusBarStyle[sdk=iphonesimulator*]" = UIStatusBarStyleDefault;
				INFOPLIST_KEY_UISupportedInterfaceOrientations_iPad = "UIInterfaceOrientationPortrait UIInterfaceOrientationPortraitUpsideDown UIInterfaceOrientationLandscapeLeft UIInterfaceOrientationLandscapeRight";
				INFOPLIST_KEY_UISupportedInterfaceOrientations_iPhone = "UIInterfaceOrientationPortrait UIInterfaceOrientationLandscapeLeft UIInterfaceOrientationLandscapeRight";
				IPHONEOS_DEPLOYMENT_TARGET = 17.0;
				LD_RUNPATH_SEARCH_PATHS = "@executable_path/Frameworks";
				"LD_RUNPATH_SEARCH_PATHS[sdk=macosx*]" = "@executable_path/../Frameworks";
				MACOSX_DEPLOYMENT_TARGET = 14.0;
				MARKETING_VERSION = 1.0;
				PRODUCT_BUNDLE_IDENTIFIER = com.sam.iosdevelopment.FMWHK;
				PRODUCT_NAME = "$(TARGET_NAME)";
				SDKROOT = auto;
				SUPPORTED_PLATFORMS = "iphoneos iphonesimulator macosx";
				SWIFT_EMIT_LOC_STRINGS = YES;
				SWIFT_VERSION = 5.0;
				TARGETED_DEVICE_FAMILY = "1,2";
			};
			name = Debug;
		};
		C442C5762B0747AB00888EEF /* Release */ = {
			isa = XCBuildConfiguration;
			buildSettings = {
				ASSETCATALOG_COMPILER_APPICON_NAME = AppIcon;
				ASSETCATALOG_COMPILER_GLOBAL_ACCENT_COLOR_NAME = AccentColor;
				CODE_SIGN_ENTITLEMENTS = FMWHK/FMWHK.entitlements;
				CODE_SIGN_STYLE = Automatic;
				CURRENT_PROJECT_VERSION = 1;
				DEVELOPMENT_ASSET_PATHS = "\"FMWHK/Preview Content\"";
				DEVELOPMENT_TEAM = 2U55HL7B9Q;
				ENABLE_HARDENED_RUNTIME = YES;
				ENABLE_PREVIEWS = YES;
				GENERATE_INFOPLIST_FILE = YES;
				"INFOPLIST_KEY_UIApplicationSceneManifest_Generation[sdk=iphoneos*]" = YES;
				"INFOPLIST_KEY_UIApplicationSceneManifest_Generation[sdk=iphonesimulator*]" = YES;
				"INFOPLIST_KEY_UIApplicationSupportsIndirectInputEvents[sdk=iphoneos*]" = YES;
				"INFOPLIST_KEY_UIApplicationSupportsIndirectInputEvents[sdk=iphonesimulator*]" = YES;
				"INFOPLIST_KEY_UILaunchScreen_Generation[sdk=iphoneos*]" = YES;
				"INFOPLIST_KEY_UILaunchScreen_Generation[sdk=iphonesimulator*]" = YES;
				"INFOPLIST_KEY_UIStatusBarStyle[sdk=iphoneos*]" = UIStatusBarStyleDefault;
				"INFOPLIST_KEY_UIStatusBarStyle[sdk=iphonesimulator*]" = UIStatusBarStyleDefault;
				INFOPLIST_KEY_UISupportedInterfaceOrientations_iPad = "UIInterfaceOrientationPortrait UIInterfaceOrientationPortraitUpsideDown UIInterfaceOrientationLandscapeLeft UIInterfaceOrientationLandscapeRight";
				INFOPLIST_KEY_UISupportedInterfaceOrientations_iPhone = "UIInterfaceOrientationPortrait UIInterfaceOrientationLandscapeLeft UIInterfaceOrientationLandscapeRight";
				IPHONEOS_DEPLOYMENT_TARGET = 17.0;
				LD_RUNPATH_SEARCH_PATHS = "@executable_path/Frameworks";
				"LD_RUNPATH_SEARCH_PATHS[sdk=macosx*]" = "@executable_path/../Frameworks";
				MACOSX_DEPLOYMENT_TARGET = 14.0;
				MARKETING_VERSION = 1.0;
				PRODUCT_BUNDLE_IDENTIFIER = com.sam.iosdevelopment.FMWHK;
				PRODUCT_NAME = "$(TARGET_NAME)";
				SDKROOT = auto;
				SUPPORTED_PLATFORMS = "iphoneos iphonesimulator macosx";
				SWIFT_EMIT_LOC_STRINGS = YES;
				SWIFT_VERSION = 5.0;
				TARGETED_DEVICE_FAMILY = "1,2";
			};
			name = Release;
		};
/* End XCBuildConfiguration section */

/* Begin XCConfigurationList section */
		C442C5602B0747AA00888EEF /* Build configuration list for PBXProject "FMWHK" */ = {
			isa = XCConfigurationList;
			buildConfigurations = (
				C442C5722B0747AB00888EEF /* Debug */,
				C442C5732B0747AB00888EEF /* Release */,
			);
			defaultConfigurationIsVisible = 0;
			defaultConfigurationName = Release;
		};
		C442C5742B0747AB00888EEF /* Build configuration list for PBXNativeTarget "FMWHK" */ = {
			isa = XCConfigurationList;
			buildConfigurations = (
				C442C5752B0747AB00888EEF /* Debug */,
				C442C5762B0747AB00888EEF /* Release */,
			);
			defaultConfigurationIsVisible = 0;
			defaultConfigurationName = Release;
		};
/* End XCConfigurationList section */
	};
	rootObject = C442C55D2B0747AA00888EEF /* Project object */;
}
